{
	"name": "fish",
	"version": "0.0.0",
	"lockfileVersion": 1,
	"requires": true,
	"dependencies": {
		"cheerio": {
			"version": "0.19.0",
			"resolved": "https://registry.npmjs.org/cheerio/-/cheerio-0.19.0.tgz",
			"integrity": "sha1-dy5wFfLuKZZQltcepBdbdas1SSU=",
			"requires": {
				"css-select": "~1.0.0",
				"dom-serializer": "~0.1.0",
				"entities": "~1.1.1",
				"htmlparser2": "~3.8.1",
				"lodash": "^3.2.0"
			},
			"dependencies": {
				"css-select": {
					"version": "1.0.0",
					"resolved": "https://registry.npmjs.org/css-select/-/css-select-1.0.0.tgz",
					"integrity": "sha1-sRIcpRhI3SZOIkTQWM7iVN7rRLA=",
					"requires": {
						"boolbase": "~1.0.0",
						"css-what": "1.0",
						"domutils": "1.4",
						"nth-check": "~1.0.0"
					},
					"dependencies": {
						"boolbase": {
							"version": "1.0.0",
							"resolved": "https://registry.npmjs.org/boolbase/-/boolbase-1.0.0.tgz",
							"integrity": "sha1-aN/1++YMUes3cl6p4+0xDcwed24="
						},
						"css-what": {
							"version": "1.0.0",
							"resolved": "https://registry.npmjs.org/css-what/-/css-what-1.0.0.tgz",
							"integrity": "sha1-18wt9FGAZm+Z0rFEYmOUaeAPc2w="
						},
						"domutils": {
							"version": "1.4.3",
							"resolved": "https://registry.npmjs.org/domutils/-/domutils-1.4.3.tgz",
							"integrity": "sha1-CGVRN5bGswYDGFDhdVFrr4C3Km8=",
							"requires": {
								"domelementtype": "1"
							},
							"dependencies": {
								"domelementtype": {
									"version": "1.3.0",
									"resolved": "https://registry.npmjs.org/domelementtype/-/domelementtype-1.3.0.tgz",
									"integrity": "sha1-sXrtguirWeUt2cGbF1bg/BhyBMI="
								}
							}
						},
						"nth-check": {
							"version": "1.0.1",
							"resolved": "https://registry.npmjs.org/nth-check/-/nth-check-1.0.1.tgz",
							"integrity": "sha1-mSms32KPwsQQmN6rgqxYDPFJquQ=",
							"requires": {
								"boolbase": "~1.0.0"
							}
						}
					}
				},
				"dom-serializer": {
					"version": "0.1.0",
					"resolved": "https://registry.npmjs.org/dom-serializer/-/dom-serializer-0.1.0.tgz",
					"integrity": "sha1-BzxpdUbOB4DOI75KKOKT5AvDDII=",
					"requires": {
						"domelementtype": "~1.1.1",
						"entities": "~1.1.1"
					},
					"dependencies": {
						"domelementtype": {
							"version": "1.1.3",
							"resolved": "https://registry.npmjs.org/domelementtype/-/domelementtype-1.1.3.tgz",
							"integrity": "sha1-vSh3PiZCiBrsUVRJJCmcXNgiGFs="
						}
					}
				},
				"entities": {
					"version": "1.1.1",
					"resolved": "https://registry.npmjs.org/entities/-/entities-1.1.1.tgz",
					"integrity": "sha1-blwtClYhtdra7O+AuQ7ftc13cvA="
				},
				"htmlparser2": {
					"version": "3.8.2",
					"resolved": "https://registry.npmjs.org/htmlparser2/-/htmlparser2-3.8.2.tgz",
					"integrity": "sha1-DWvDRx0B6XZvwsJ0y6wdVbNsAJw=",
					"requires": {
						"domelementtype": "1",
						"domhandler": "2.3",
						"domutils": "1.5",
						"entities": "1.0",
						"readable-stream": "1.1"
					},
					"dependencies": {
						"domelementtype": {
							"version": "1.3.0",
							"resolved": "https://registry.npmjs.org/domelementtype/-/domelementtype-1.3.0.tgz",
							"integrity": "sha1-sXrtguirWeUt2cGbF1bg/BhyBMI="
						},
						"domhandler": {
							"version": "2.3.0",
							"resolved": "https://registry.npmjs.org/domhandler/-/domhandler-2.3.0.tgz",
							"integrity": "sha1-LeWaCCLVAn+r/28DLCsloqir5zg=",
							"requires": {
								"domelementtype": "1"
							}
						},
						"domutils": {
							"version": "1.5.1",
							"resolved": "https://registry.npmjs.org/domutils/-/domutils-1.5.1.tgz",
							"integrity": "sha1-3NhIiib1Y9YQeeSMn3t+Mjc2gs8=",
							"requires": {
								"dom-serializer": "0",
								"domelementtype": "1"
							}
						},
						"entities": {
							"version": "1.0.0",
							"resolved": "https://registry.npmjs.org/entities/-/entities-1.0.0.tgz",
							"integrity": "sha1-sph6o4ITR/zeZCsk/fyeT7cSvyY="
						},
						"readable-stream": {
							"version": "1.1.13",
							"resolved": "https://registry.npmjs.org/readable-stream/-/readable-stream-1.1.13.tgz",
							"integrity": "sha1-9u73ZPUUyJ4rniMUanW6EGdW0j4=",
							"requires": {
								"core-util-is": "~1.0.0",
								"inherits": "~2.0.1",
								"isarray": "0.0.1",
								"string_decoder": "~0.10.x"
							},
							"dependencies": {
								"core-util-is": {
									"version": "1.0.1",
									"resolved": "https://registry.npmjs.org/core-util-is/-/core-util-is-1.0.1.tgz",
									"integrity": "sha1-awcIWu+aPMrG7lO/nT3wwVIaVTg="
								},
								"inherits": {
									"version": "2.0.1",
									"resolved": "https://registry.npmjs.org/inherits/-/inherits-2.0.1.tgz",
									"integrity": "sha1-sX0I0ya0Qj5Wjv9xn5GwscvfafE="
								},
								"isarray": {
									"version": "0.0.1",
									"resolved": "https://registry.npmjs.org/isarray/-/isarray-0.0.1.tgz",
									"integrity": "sha1-ihis/Kmo9Bd+Cav8YDiTmwXR7t8="
								},
								"string_decoder": {
									"version": "0.10.31",
									"resolved": "https://registry.npmjs.org/string_decoder/-/string_decoder-0.10.31.tgz",
									"integrity": "sha1-YuIDvEF2bGwoyfyEMB2rHFMQ+pQ="
								}
							}
						}
					}
				},
				"lodash": {
					"version": "3.7.0",
					"resolved": "https://registry.npmjs.org/lodash/-/lodash-3.7.0.tgz",
					"integrity": "sha1-Nni9irmVBXwHreg27S7wh9qBHUU="
				}
			}
		},
		"deck": {
			"version": "0.0.4",
			"resolved": "https://registry.npmjs.org/deck/-/deck-0.0.4.tgz",
			"integrity": "sha1-1NidRguoHuggsEoFp9Dc5k2Lcwo="
		},
		"markov-fish": {
			"version": "0.0.1",
			"resolved": "https://registry.npmjs.org/markov-fish/-/markov-fish-0.0.1.tgz",
			"integrity": "sha512-yGRfaxLTM5rsHSN73nZ5d+yl+utheZvKEUuEG/8Ql4g2fVJ9F8hzAvbwbHvvFkXlwCxrNHHeMG0+ldeyu2sglQ==",
			"requires": {
				"deck": "0.0.4"
			}
		},
		"twit": {
			"version": "1.1.20",
			"resolved": "https://registry.npmjs.org/twit/-/twit-1.1.20.tgz",
			"integrity": "sha1-Fw5n0Bh5hILK8pmN1Mb48py1SGE=",
			"requires": {
				"oauth": "0.9.9"
			},
			"dependencies": {
				"oauth": {
					"version": "0.9.9",
					"resolved": "https://registry.npmjs.org/oauth/-/oauth-0.9.9.tgz",
					"integrity": "sha1-7/EAAWHbZBrgyCbZl4mV83xG6Gk="
				}
			}
		}
	}
}
